// !$*UTF8*$!
{
	archiveVersion = 1;
	classes = {
	};
	objectVersion = 50;
	objects = {

/* Begin PBXBuildFile section */
		C08E6F0A23FF69FE005C6F96 /* AppDelegate.swift in Sources */ = {isa = PBXBuildFile; fileRef = C08E6F0923FF69FE005C6F96 /* AppDelegate.swift */; };
		C08E6F0C23FF69FE005C6F96 /* SceneDelegate.swift in Sources */ = {isa = PBXBuildFile; fileRef = C08E6F0B23FF69FE005C6F96 /* SceneDelegate.swift */; };
		C08E6F0E23FF69FE005C6F96 /* ViewController.swift in Sources */ = {isa = PBXBuildFile; fileRef = C08E6F0D23FF69FE005C6F96 /* ViewController.swift */; };
		C08E6F1123FF69FE005C6F96 /* Main.storyboard in Resources */ = {isa = PBXBuildFile; fileRef = C08E6F0F23FF69FE005C6F96 /* Main.storyboard */; };
		C08E6F1323FF6A0A005C6F96 /* Assets.xcassets in Resources */ = {isa = PBXBuildFile; fileRef = C08E6F1223FF6A0A005C6F96 /* Assets.xcassets */; };
		C08E6F1623FF6A0A005C6F96 /* LaunchScreen.storyboard in Resources */ = {isa = PBXBuildFile; fileRef = C08E6F1423FF6A0A005C6F96 /* LaunchScreen.storyboard */; };
/* End PBXBuildFile section */

/* Begin PBXFileReference section */
		C08E6F0623FF69FE005C6F96 /* myTippy.app */ = {isa = PBXFileReference; explicitFileType = wrapper.application; includeInIndex = 0; path = myTippy.app; sourceTree = BUILT_PRODUCTS_DIR; };
		C08E6F0923FF69FE005C6F96 /* AppDelegate.swift */ = {isa = PBXFileReference; lastKnownFileType = sourcecode.swift; path = AppDelegate.swift; sourceTree = "<group>"; };
		C08E6F0B23FF69FE005C6F96 /* SceneDelegate.swift */ = {isa = PBXFileReference; lastKnownFileType = sourcecode.swift; path = SceneDelegate.swift; sourceTree = "<group>"; };
		C08E6F0D23FF69FE005C6F96 /* ViewController.swift */ = {isa = PBXFileReference; lastKnownFileType = sourcecode.swift; path = ViewController.swift; sourceTree = "<group>"; };
		C08E6F1023FF69FE005C6F96 /* Base */ = {isa = PBXFileReference; lastKnownFileType = file.storyboard; name = Base; path = Base.lproj/Main.storyboard; sourceTree = "<group>"; };
		C08E6F1223FF6A0A005C6F96 /* Assets.xcassets */ = {isa = PBXFileReference; lastKnownFileType = folder.assetcatalog; path = Assets.xcassets; sourceTree = "<group>"; };
		C08E6F1523FF6A0A005C6F96 /* Base */ = {isa = PBXFileReference; lastKnownFileType = file.storyboard; name = Base; path = Base.lproj/LaunchScreen.storyboard; sourceTree = "<group>"; };
		C08E6F1723FF6A0A005C6F96 /* Info.plist */ = {isa = PBXFileReference; lastKnownFileType = text.plist.xml; path = Info.plist; sourceTree = "<group>"; };
/* End PBXFileReference section */

/* Begin PBXFrameworksBuildPhase section */
		C08E6F0323FF69FE005C6F96 /* Frameworks */ = {
			isa = PBXFrameworksBuildPhase;
			buildActionMask = 2147483647;
			files = (
			);
			runOnlyForDeploymentPostprocessing = 0;
		};
/* End PBXFrameworksBuildPhase section */

/* Begin PBXGroup section */
		C08E6EFD23FF69FE005C6F96 = {
			isa = PBXGroup;
			children = (
				C08E6F0823FF69FE005C6F96 /* myTippy */,
				C08E6F0723FF69FE005C6F96 /* Products */,
			);
			sourceTree = "<group>";
		};
		C08E6F0723FF69FE005C6F96 /* Products */ = {
			isa = PBXGroup;
			children = (
				C08E6F0623FF69FE005C6F96 /* myTippy.app */,
			);
			name = Products;
			sourceTree = "<group>";
		};
		C08E6F0823FF69FE005C6F96 /* myTippy */ = {
			isa = PBXGroup;
			children = (
				C08E6F0923FF69FE005C6F96 /* AppDelegate.swift */,
				C08E6F0B23FF69FE005C6F96 /* SceneDelegate.swift */,
				C08E6F0D23FF69FE005C6F96 /* ViewController.swift */,
				C08E6F0F23FF69FE005C6F96 /* Main.storyboard */,
				C08E6F1223FF6A0A005C6F96 /* Assets.xcassets */,
				C08E6F1423FF6A0A005C6F96 /* LaunchScreen.storyboard */,
				C08E6F1723FF6A0A005C6F96 /* Info.plist */,
			);
			path = myTippy;
			sourceTree = "<group>";
		};
/* End PBXGroup section */

/* Begin PBXNativeTarget section */
		C08E6F0523FF69FE005C6F96 /* myTippy */ = {
			isa = PBXNativeTarget;
			buildConfigurationList = C08E6F1A23FF6A0A005C6F96 /* Build configuration list for PBXNativeTarget "myTippy" */;
			buildPhases = (
				C08E6F0223FF69FE005C6F96 /* Sources */,
				C08E6F0323FF69FE005C6F96 /* Frameworks */,
				C08E6F0423FF69FE005C6F96 /* Resources */,
			);
			buildRules = (
			);
			dependencies = (
			);
			name = myTippy;
			productName = myTippy;
			productReference = C08E6F0623FF69FE005C6F96 /* myTippy.app */;
			productType = "com.apple.product-type.application";
		};
/* End PBXNativeTarget section */

/* Begin PBXProject section */
		C08E6EFE23FF69FE005C6F96 /* Project object */ = {
			isa = PBXProject;
			attributes = {
				LastSwiftUpdateCheck = 1130;
				LastUpgradeCheck = 1130;
				ORGANIZATIONNAME = "Dinaol Melak";
				TargetAttributes = {
					C08E6F0523FF69FE005C6F96 = {
						CreatedOnToolsVersion = 11.3.1;
					};
				};
			};
			buildConfigurationList = C08E6F0123FF69FE005C6F96 /* Build configuration list for PBXProject "myTippy" */;
			compatibilityVersion = "Xcode 9.3";
			developmentRegion = en;
			hasScannedForEncodings = 0;
			knownRegions = (
				en,
				Base,
			);
			mainGroup = C08E6EFD23FF69FE005C6F96;
			productRefGroup = C08E6F0723FF69FE005C6F96 /* Products */;
			projectDirPath = "";
			projectRoot = "";
			targets = (
				C08E6F0523FF69FE005C6F96 /* myTippy */,
			);
		};
/* End PBXProject section */

/* Begin PBXResourcesBuildPhase section */
		C08E6F0423FF69FE005C6F96 /* Resources */ = {
			isa = PBXResourcesBuildPhase;
			buildActionMask = 2147483647;
			files = (
				C08E6F1623FF6A0A005C6F96 /* LaunchScreen.storyboard in Resources */,
				C08E6F1323FF6A0A005C6F96 /* Assets.xcassets in Resources */,
				C08E6F1123FF69FE005C6F96 /* Main.storyboard in Resources */,
			);
			runOnlyForDeploymentPostprocessing = 0;
		};
/* End PBXResourcesBuildPhase section */

/* Begin PBXSourcesBuildPhase section */
		C08E6F0223FF69FE005C6F96 /* Sources */ = {
			isa = PBXSourcesBuildPhase;
			buildActionMask = 2147483647;
			files = (
				C08E6F0E23FF69FE005C6F96 /* ViewController.swift in Sources */,
				C08E6F0A23FF69FE005C6F96 /* AppDelegate.swift in Sources */,
				C08E6F0C23FF69FE005C6F96 /* SceneDelegate.swift in Sources */,
			);
			runOnlyForDeploymentPostprocessing = 0;
		};
/* End PBXSourcesBuildPhase section */

/* Begin PBXVariantGroup section */
		C08E6F0F23FF69FE005C6F96 /* Main.storyboard */ = {
			isa = PBXVariantGroup;
			children = (
				C08E6F1023FF69FE005C6F96 /* Base */,
			);
			name = Main.storyboard;
			sourceTree = "<group>";
		};
		C08E6F1423FF6A0A005C6F96 /* LaunchScreen.storyboard */ = {
			isa = PBXVariantGroup;
			children = (
				C08E6F1523FF6A0A005C6F96 /* Base */,
			);
			name = LaunchScreen.storyboard;
			sourceTree = "<group>";
		};
/* End PBXVariantGroup section */

/* Begin XCBuildConfiguration section */
		C08E6F1823FF6A0A005C6F96 /* Debug */ = {
			isa = XCBuildConfiguration;
			buildSettings = {
				ALWAYS_SEARCH_USER_PATHS = NO;
				CLANG_ANALYZER_NONNULL = YES;
				CLANG_ANALYZER_NUMBER_OBJECT_CONVERSION = YES_AGGRESSIVE;
				CLANG_CXX_LANGUAGE_STANDARD = "gnu++14";
				CLANG_CXX_LIBRARY = "libc++";
				CLANG_ENABLE_MODULES = YES;
				CLANG_ENABLE_OBJC_ARC = YES;
				CLANG_ENABLE_OBJC_WEAK = YES;
				CLANG_WARN_BLOCK_CAPTURE_AUTORELEASING = YES;
				CLANG_WARN_BOOL_CONVERSION = YES;
				CLANG_WARN_COMMA = YES;
				CLANG_WARN_CONSTANT_CONVERSION = YES;
				CLANG_WARN_DEPRECATED_OBJC_IMPLEMENTATIONS = YES;
				CLANG_WARN_DIRECT_OBJC_ISA_USAGE = YES_ERROR;
				CLANG_WARN_DOCUMENTATION_COMMENTS = YES;
				CLANG_WARN_EMPTY_BODY = YES;
				CLANG_WARN_ENUM_CONVERSION = YES;
				CLANG_WARN_INFINITE_RECURSION = YES;
				CLANG_WARN_INT_CONVERSION = YES;
				CLANG_WARN_NON_LITERAL_NULL_CONVERSION = YES;
				CLANG_WARN_OBJC_IMPLICIT_RETAIN_SELF = YES;
				CLANG_WARN_OBJC_LITERAL_CONVERSION = YES;
				CLANG_WARN_OBJC_ROOT_CLASS = YES_ERROR;
				CLANG_WARN_RANGE_LOOP_ANALYSIS = YES;
				CLANG_WARN_STRICT_PROTOTYPES = YES;
				CLANG_WARN_SUSPICIOUS_MOVE = YES;
				CLANG_WARN_UNGUARDED_AVAILABILITY = YES_AGGRESSIVE;
				CLANG_WARN_UNREACHABLE_CODE = YES;
				CLANG_WARN__DUPLICATE_METHOD_MATCH = YES;
				COPY_PHASE_STRIP = NO;
				DEBUG_INFORMATION_FORMAT = dwarf;
				ENABLE_STRICT_OBJC_MSGSEND = YES;
				ENABLE_TESTABILITY = YES;
				GCC_C_LANGUAGE_STANDARD = gnu11;
				GCC_DYNAMIC_NO_PIC = NO;
				GCC_NO_COMMON_BLOCKS = YES;
				GCC_OPTIMIZATION_LEVEL = 0;
				GCC_PREPROCESSOR_DEFINITIONS = (
					"DEBUG=1",
					"$(inherited)",
				);
				GCC_WARN_64_TO_32_BIT_CONVERSION = YES;
				GCC_WARN_ABOUT_RETURN_TYPE = YES_ERROR;
				GCC_WARN_UNDECLARED_SELECTOR = YES;
				GCC_WARN_UNINITIALIZED_AUTOS = YES_AGGRESSIVE;
				GCC_WARN_UNUSED_FUNCTION = YES;
				GCC_WARN_UNUSED_VARIABLE = YES;
				IPHONEOS_DEPLOYMENT_TARGET = 13.2;
				MTL_ENABLE_DEBUG_INFO = INCLUDE_SOURCE;
				MTL_FAST_MATH = YES;
				ONLY_ACTIVE_ARCH = YES;
				SDKROOT = iphoneos;
				SWIFT_ACTIVE_COMPILATION_CONDITIONS = DEBUG;
				SWIFT_OPTIMIZATION_LEVEL = "-Onone";
			};
			name = Debug;
		};
		C08E6F1923FF6A0A005C6F96 /* Release */ = {
			isa = XCBuildConfiguration;
			buildSettings = {
				ALWAYS_SEARCH_USER_PATHS = NO;
				CLANG_ANALYZER_NONNULL = YES;
				CLANG_ANALYZER_NUMBER_OBJECT_CONVERSION = YES_AGGRESSIVE;
				CLANG_CXX_LANGUAGE_STANDARD = "gnu++14";
				CLANG_CXX_LIBRARY = "libc++";
				CLANG_ENABLE_MODULES = YES;
				CLANG_ENABLE_OBJC_ARC = YES;
				CLANG_ENABLE_OBJC_WEAK = YES;
				CLANG_WARN_BLOCK_CAPTURE_AUTORELEASING = YES;
				CLANG_WARN_BOOL_CONVERSION = YES;
				CLANG_WARN_COMMA = YES;
				CLANG_WARN_CONSTANT_CONVERSION = YES;
				CLANG_WARN_DEPRECATED_OBJC_IMPLEMENTATIONS = YES;
				CLANG_WARN_DIRECT_OBJC_ISA_USAGE = YES_ERROR;
				CLANG_WARN_DOCUMENTATION_COMMENTS = YES;
				CLANG_WARN_EMPTY_BODY = YES;
				CLANG_WARN_ENUM_CONVERSION = YES;
				CLANG_WARN_INFINITE_RECURSION = YES;
				CLANG_WARN_INT_CONVERSION = YES;
				CLANG_WARN_NON_LITERAL_NULL_CONVERSION = YES;
				CLANG_WARN_OBJC_IMPLICIT_RETAIN_SELF = YES;
				CLANG_WARN_OBJC_LITERAL_CONVERSION = YES;
				CLANG_WARN_OBJC_ROOT_CLASS = YES_ERROR;
				CLANG_WARN_RANGE_LOOP_ANALYSIS = YES;
				CLANG_WARN_STRICT_PROTOTYPES = YES;
				CLANG_WARN_SUSPICIOUS_MOVE = YES;
				CLANG_WARN_UNGUARDED_AVAILABILITY = YES_AGGRESSIVE;
				CLANG_WARN_UNREACHABLE_CODE = YES;
				CLANG_WARN__DUPLICATE_METHOD_MATCH = YES;
				COPY_PHASE_STRIP = NO;
				DEBUG_INFORMATION_FORMAT = "dwarf-with-dsym";
				ENABLE_NS_ASSERTIONS = NO;
				ENABLE_STRICT_OBJC_MSGSEND = YES;
				GCC_C_LANGUAGE_STANDARD = gnu11;
				GCC_NO_COMMON_BLOCKS = YES;
				GCC_WARN_64_TO_32_BIT_CONVERSION = YES;
				GCC_WARN_ABOUT_RETURN_TYPE = YES_ERROR;
				GCC_WARN_UNDECLARED_SELECTOR = YES;
				GCC_WARN_UNINITIALIZED_AUTOS = YES_AGGRESSIVE;
				GCC_WARN_UNUSED_FUNCTION = YES;
				GCC_WARN_UNUSED_VARIABLE = YES;
				IPHONEOS_DEPLOYMENT_TARGET = 13.2;
				MTL_ENABLE_DEBUG_INFO = NO;
				MTL_FAST_MATH = YES;
				SDKROOT = iphoneos;
				SWIFT_COMPILATION_MODE = wholemodule;
				SWIFT_OPTIMIZATION_LEVEL = "-O";
				VALIDATE_PRODUCT = YES;
			};
			name = Release;
		};
		C08E6F1B23FF6A0A005C6F96 /* Debug */ = {
			isa = XCBuildConfiguration;
			buildSettings = {
				ASSETCATALOG_COMPILER_APPICON_NAME = AppIcon;
				CODE_SIGN_STYLE = Automatic;
				DEVELOPMENT_TEAM = 8ANT6T3S86;
				INFOPLIST_FILE = myTippy/Info.plist;
				LD_RUNPATH_SEARCH_PATHS = (
					"$(inherited)",
					"@executable_path/Frameworks",
				);
				PRODUCT_BUNDLE_IDENTIFIER = com.dinaolmelak.myTippy;
				PRODUCT_NAME = "$(TARGET_NAME)";
				SWIFT_VERSION = 5.0;
				TARGETED_DEVICE_FAMILY = "1,2";
			};
			name = Debug;
		};
		C08E6F1C23FF6A0A005C6F96 /* Release */ = {
			isa = XCBuildConfiguration;
			buildSettings = {
				ASSETCATALOG_COMPILER_APPICON_NAME = AppIcon;
				CODE_SIGN_STYLE = Automatic;
				DEVELOPMENT_TEAM = 8ANT6T3S86;
				INFOPLIST_FILE = myTippy/Info.plist;
				LD_RUNPATH_SEARCH_PATHS = (
					"$(inherited)",
					"@executable_path/Frameworks",
				);
				PRODUCT_BUNDLE_IDENTIFIER = com.dinaolmelak.myTippy;
				PRODUCT_NAME = "$(TARGET_NAME)";
				SWIFT_VERSION = 5.0;
				TARGETED_DEVICE_FAMILY = "1,2";
			};
			name = Release;
		};
/* End XCBuildConfiguration section */

/* Begin XCConfigurationList section */
		C08E6F0123FF69FE005C6F96 /* Build configuration list for PBXProject "myTippy" */ = {
			isa = XCConfigurationList;
			buildConfigurations = (
				C08E6F1823FF6A0A005C6F96 /* Debug */,
				C08E6F1923FF6A0A005C6F96 /* Release */,
			);
			defaultConfigurationIsVisible = 0;
			defaultConfigurationName = Release;
		};
		C08E6F1A23FF6A0A005C6F96 /* Build configuration list for PBXNativeTarget "myTippy" */ = {
			isa = XCConfigurationList;
			buildConfigurations = (
				C08E6F1B23FF6A0A005C6F96 /* Debug */,
				C08E6F1C23FF6A0A005C6F96 /* Release */,
			);
			defaultConfigurationIsVisible = 0;
			defaultConfigurationName = Release;
		};
/* End XCConfigurationList section */
	};
	rootObject = C08E6EFE23FF69FE005C6F96 /* Project object */;
}
